// !$*UTF8*$!
{
	archiveVersion = 1;
	classes = {
	};
	objectVersion = 50;
	objects = {

/* Begin PBXBuildFile section */
		935C5BDF253DFF9000DACB9B /* RepoIssuesView.swift in Sources */ = {isa = PBXBuildFile; fileRef = 935C5BDE253DFF9000DACB9B /* RepoIssuesView.swift */; };
		935C5BE4253E02DB00DACB9B /* RepoDetailHeaderView.swift in Sources */ = {isa = PBXBuildFile; fileRef = 935C5BE3253E02DB00DACB9B /* RepoDetailHeaderView.swift */; };
		935C5BE8253E0DD000DACB9B /* Localizable.strings in Resources */ = {isa = PBXBuildFile; fileRef = 935C5BEA253E0DD000DACB9B /* Localizable.strings */; };
		93C9CAB725368B8300E39F80 /* IntuitCraftWorkzApp.swift in Sources */ = {isa = PBXBuildFile; fileRef = 93C9CAB625368B8300E39F80 /* IntuitCraftWorkzApp.swift */; };
		93C9CAB925368B8300E39F80 /* RepoListView.swift in Sources */ = {isa = PBXBuildFile; fileRef = 93C9CAB825368B8300E39F80 /* RepoListView.swift */; };
		93C9CABB25368B8400E39F80 /* Assets.xcassets in Resources */ = {isa = PBXBuildFile; fileRef = 93C9CABA25368B8400E39F80 /* Assets.xcassets */; };
		93C9CABE25368B8400E39F80 /* Preview Assets.xcassets in Resources */ = {isa = PBXBuildFile; fileRef = 93C9CABD25368B8400E39F80 /* Preview Assets.xcassets */; };
		93C9CAC925368B8500E39F80 /* IntuitCraftWorkzTests.swift in Sources */ = {isa = PBXBuildFile; fileRef = 93C9CAC825368B8500E39F80 /* IntuitCraftWorkzTests.swift */; };
		93C9CAD425368B8500E39F80 /* IntuitCraftWorkzUITests.swift in Sources */ = {isa = PBXBuildFile; fileRef = 93C9CAD325368B8500E39F80 /* IntuitCraftWorkzUITests.swift */; };
		93FEC994253DD75800E8ACBD /* AppLogger.swift in Sources */ = {isa = PBXBuildFile; fileRef = 93FEC993253DD75800E8ACBD /* AppLogger.swift */; };
		93FEC99C253DD76A00E8ACBD /* Constants.swift in Sources */ = {isa = PBXBuildFile; fileRef = 93FEC99B253DD76A00E8ACBD /* Constants.swift */; };
		93FEC9A1253DD78C00E8ACBD /* AppNetwork.swift in Sources */ = {isa = PBXBuildFile; fileRef = 93FEC9A0253DD78C00E8ACBD /* AppNetwork.swift */; };
		93FEC9A6253DD7A800E8ACBD /* Datasource.swift in Sources */ = {isa = PBXBuildFile; fileRef = 93FEC9A5253DD7A800E8ACBD /* Datasource.swift */; };
		93FEC9AB253DD7C000E8ACBD /* Model.swift in Sources */ = {isa = PBXBuildFile; fileRef = 93FEC9AA253DD7C000E8ACBD /* Model.swift */; };
		93FEC9B0253DD96900E8ACBD /* ReposViewModel.swift in Sources */ = {isa = PBXBuildFile; fileRef = 93FEC9AF253DD96900E8ACBD /* ReposViewModel.swift */; };
		93FEC9B9253DDDB100E8ACBD /* ActivityIndicatorView.swift in Sources */ = {isa = PBXBuildFile; fileRef = 93FEC9B8253DDDB100E8ACBD /* ActivityIndicatorView.swift */; };
		93FEC9C1253DE21000E8ACBD /* RepoDetailView.swift in Sources */ = {isa = PBXBuildFile; fileRef = 93FEC9C0253DE21000E8ACBD /* RepoDetailView.swift */; };
		93FEC9D9253DF5FD00E8ACBD /* SampleData.swift in Sources */ = {isa = PBXBuildFile; fileRef = 93FEC9D8253DF5FD00E8ACBD /* SampleData.swift */; };
		93FEC9DE253DF78100E8ACBD /* StringExtensions.swift in Sources */ = {isa = PBXBuildFile; fileRef = 93FEC9DD253DF78100E8ACBD /* StringExtensions.swift */; };
/* End PBXBuildFile section */

/* Begin PBXContainerItemProxy section */
		93C9CAC525368B8500E39F80 /* PBXContainerItemProxy */ = {
			isa = PBXContainerItemProxy;
			containerPortal = 93C9CAAB25368B8300E39F80 /* Project object */;
			proxyType = 1;
			remoteGlobalIDString = 93C9CAB225368B8300E39F80;
			remoteInfo = IntuitCraftWorkz;
		};
		93C9CAD025368B8500E39F80 /* PBXContainerItemProxy */ = {
			isa = PBXContainerItemProxy;
			containerPortal = 93C9CAAB25368B8300E39F80 /* Project object */;
			proxyType = 1;
			remoteGlobalIDString = 93C9CAB225368B8300E39F80;
			remoteInfo = IntuitCraftWorkz;
		};
/* End PBXContainerItemProxy section */

/* Begin PBXFileReference section */
		935C5BDE253DFF9000DACB9B /* RepoIssuesView.swift */ = {isa = PBXFileReference; lastKnownFileType = sourcecode.swift; path = RepoIssuesView.swift; sourceTree = "<group>"; };
		935C5BE3253E02DB00DACB9B /* RepoDetailHeaderView.swift */ = {isa = PBXFileReference; lastKnownFileType = sourcecode.swift; path = RepoDetailHeaderView.swift; sourceTree = "<group>"; };
		935C5BE9253E0DD000DACB9B /* en */ = {isa = PBXFileReference; lastKnownFileType = text.plist.strings; name = en; path = en.lproj/Localizable.strings; sourceTree = "<group>"; };
		93C9CAB325368B8300E39F80 /* IntuitCraftWorkz.app */ = {isa = PBXFileReference; explicitFileType = wrapper.application; includeInIndex = 0; path = IntuitCraftWorkz.app; sourceTree = BUILT_PRODUCTS_DIR; };
		93C9CAB625368B8300E39F80 /* IntuitCraftWorkzApp.swift */ = {isa = PBXFileReference; lastKnownFileType = sourcecode.swift; path = IntuitCraftWorkzApp.swift; sourceTree = "<group>"; };
		93C9CAB825368B8300E39F80 /* RepoListView.swift */ = {isa = PBXFileReference; lastKnownFileType = sourcecode.swift; path = RepoListView.swift; sourceTree = "<group>"; };
		93C9CABA25368B8400E39F80 /* Assets.xcassets */ = {isa = PBXFileReference; lastKnownFileType = folder.assetcatalog; path = Assets.xcassets; sourceTree = "<group>"; };
		93C9CABD25368B8400E39F80 /* Preview Assets.xcassets */ = {isa = PBXFileReference; lastKnownFileType = folder.assetcatalog; path = "Preview Assets.xcassets"; sourceTree = "<group>"; };
		93C9CABF25368B8400E39F80 /* Info.plist */ = {isa = PBXFileReference; lastKnownFileType = text.plist.xml; path = Info.plist; sourceTree = "<group>"; };
		93C9CAC425368B8500E39F80 /* IntuitCraftWorkzTests.xctest */ = {isa = PBXFileReference; explicitFileType = wrapper.cfbundle; includeInIndex = 0; path = IntuitCraftWorkzTests.xctest; sourceTree = BUILT_PRODUCTS_DIR; };
		93C9CAC825368B8500E39F80 /* IntuitCraftWorkzTests.swift */ = {isa = PBXFileReference; lastKnownFileType = sourcecode.swift; path = IntuitCraftWorkzTests.swift; sourceTree = "<group>"; };
		93C9CACA25368B8500E39F80 /* Info.plist */ = {isa = PBXFileReference; lastKnownFileType = text.plist.xml; path = Info.plist; sourceTree = "<group>"; };
		93C9CACF25368B8500E39F80 /* IntuitCraftWorkzUITests.xctest */ = {isa = PBXFileReference; explicitFileType = wrapper.cfbundle; includeInIndex = 0; path = IntuitCraftWorkzUITests.xctest; sourceTree = BUILT_PRODUCTS_DIR; };
		93C9CAD325368B8500E39F80 /* IntuitCraftWorkzUITests.swift */ = {isa = PBXFileReference; lastKnownFileType = sourcecode.swift; path = IntuitCraftWorkzUITests.swift; sourceTree = "<group>"; };
		93C9CAD525368B8500E39F80 /* Info.plist */ = {isa = PBXFileReference; lastKnownFileType = text.plist.xml; path = Info.plist; sourceTree = "<group>"; };
		93FEC993253DD75800E8ACBD /* AppLogger.swift */ = {isa = PBXFileReference; lastKnownFileType = sourcecode.swift; path = AppLogger.swift; sourceTree = "<group>"; };
		93FEC99B253DD76A00E8ACBD /* Constants.swift */ = {isa = PBXFileReference; lastKnownFileType = sourcecode.swift; path = Constants.swift; sourceTree = "<group>"; };
		93FEC9A0253DD78C00E8ACBD /* AppNetwork.swift */ = {isa = PBXFileReference; lastKnownFileType = sourcecode.swift; path = AppNetwork.swift; sourceTree = "<group>"; };
		93FEC9A5253DD7A800E8ACBD /* Datasource.swift */ = {isa = PBXFileReference; lastKnownFileType = sourcecode.swift; path = Datasource.swift; sourceTree = "<group>"; };
		93FEC9AA253DD7C000E8ACBD /* Model.swift */ = {isa = PBXFileReference; lastKnownFileType = sourcecode.swift; path = Model.swift; sourceTree = "<group>"; };
		93FEC9AF253DD96900E8ACBD /* ReposViewModel.swift */ = {isa = PBXFileReference; lastKnownFileType = sourcecode.swift; path = ReposViewModel.swift; sourceTree = "<group>"; };
		93FEC9B8253DDDB100E8ACBD /* ActivityIndicatorView.swift */ = {isa = PBXFileReference; lastKnownFileType = sourcecode.swift; path = ActivityIndicatorView.swift; sourceTree = "<group>"; };
		93FEC9C0253DE21000E8ACBD /* RepoDetailView.swift */ = {isa = PBXFileReference; lastKnownFileType = sourcecode.swift; path = RepoDetailView.swift; sourceTree = "<group>"; };
		93FEC9D8253DF5FD00E8ACBD /* SampleData.swift */ = {isa = PBXFileReference; lastKnownFileType = sourcecode.swift; path = SampleData.swift; sourceTree = "<group>"; };
		93FEC9DD253DF78100E8ACBD /* StringExtensions.swift */ = {isa = PBXFileReference; lastKnownFileType = sourcecode.swift; path = StringExtensions.swift; sourceTree = "<group>"; };
/* End PBXFileReference section */

/* Begin PBXFrameworksBuildPhase section */
		93C9CAB025368B8300E39F80 /* Frameworks */ = {
			isa = PBXFrameworksBuildPhase;
			buildActionMask = 2147483647;
			files = (
			);
			runOnlyForDeploymentPostprocessing = 0;
		};
		93C9CAC125368B8500E39F80 /* Frameworks */ = {
			isa = PBXFrameworksBuildPhase;
			buildActionMask = 2147483647;
			files = (
			);
			runOnlyForDeploymentPostprocessing = 0;
		};
		93C9CACC25368B8500E39F80 /* Frameworks */ = {
			isa = PBXFrameworksBuildPhase;
			buildActionMask = 2147483647;
			files = (
			);
			runOnlyForDeploymentPostprocessing = 0;
		};
/* End PBXFrameworksBuildPhase section */

/* Begin PBXGroup section */
		93C9CAAA25368B8300E39F80 = {
			isa = PBXGroup;
			children = (
				93C9CAB525368B8300E39F80 /* IntuitCraftWorkz */,
				93C9CAC725368B8500E39F80 /* IntuitCraftWorkzTests */,
				93C9CAD225368B8500E39F80 /* IntuitCraftWorkzUITests */,
				93C9CAB425368B8300E39F80 /* Products */,
			);
			sourceTree = "<group>";
		};
		93C9CAB425368B8300E39F80 /* Products */ = {
			isa = PBXGroup;
			children = (
				93C9CAB325368B8300E39F80 /* IntuitCraftWorkz.app */,
				93C9CAC425368B8500E39F80 /* IntuitCraftWorkzTests.xctest */,
				93C9CACF25368B8500E39F80 /* IntuitCraftWorkzUITests.xctest */,
			);
			name = Products;
			sourceTree = "<group>";
		};
		93C9CAB525368B8300E39F80 /* IntuitCraftWorkz */ = {
			isa = PBXGroup;
			children = (
				93C9CABF25368B8400E39F80 /* Info.plist */,
				93FEC9B7253DDD9900E8ACBD /* UI Shared */,
				93FEC98D253DD6C200E8ACBD /* Views */,
				93FEC9D1253DEF6700E8ACBD /* View Model */,
				93FEC9E5253DF79700E8ACBD /* Extensions */,
				93FEC991253DD73300E8ACBD /* Model */,
				93FEC9E9253DF7B100E8ACBD /* Network */,
				93FEC992253DD74C00E8ACBD /* Support */,
				93C9CABC25368B8400E39F80 /* Preview Content */,
			);
			path = IntuitCraftWorkz;
			sourceTree = "<group>";
		};
		93C9CABC25368B8400E39F80 /* Preview Content */ = {
			isa = PBXGroup;
			children = (
				93C9CABD25368B8400E39F80 /* Preview Assets.xcassets */,
			);
			path = "Preview Content";
			sourceTree = "<group>";
		};
		93C9CAC725368B8500E39F80 /* IntuitCraftWorkzTests */ = {
			isa = PBXGroup;
			children = (
				93C9CAC825368B8500E39F80 /* IntuitCraftWorkzTests.swift */,
				93C9CACA25368B8500E39F80 /* Info.plist */,
			);
			path = IntuitCraftWorkzTests;
			sourceTree = "<group>";
		};
		93C9CAD225368B8500E39F80 /* IntuitCraftWorkzUITests */ = {
			isa = PBXGroup;
			children = (
				93C9CAD325368B8500E39F80 /* IntuitCraftWorkzUITests.swift */,
				93C9CAD525368B8500E39F80 /* Info.plist */,
			);
			path = IntuitCraftWorkzUITests;
			sourceTree = "<group>";
		};
		93FEC98D253DD6C200E8ACBD /* Views */ = {
			isa = PBXGroup;
			children = (
				93C9CAB825368B8300E39F80 /* RepoListView.swift */,
				93FEC9C0253DE21000E8ACBD /* RepoDetailView.swift */,
				935C5BDE253DFF9000DACB9B /* RepoIssuesView.swift */,
			);
			path = Views;
			sourceTree = "<group>";
		};
		93FEC991253DD73300E8ACBD /* Model */ = {
			isa = PBXGroup;
			children = (
				93FEC9A5253DD7A800E8ACBD /* Datasource.swift */,
				93FEC9AA253DD7C000E8ACBD /* Model.swift */,
			);
			path = Model;
			sourceTree = "<group>";
		};
		93FEC992253DD74C00E8ACBD /* Support */ = {
			isa = PBXGroup;
			children = (
				93C9CAB625368B8300E39F80 /* IntuitCraftWorkzApp.swift */,
				93FEC993253DD75800E8ACBD /* AppLogger.swift */,
				93FEC99B253DD76A00E8ACBD /* Constants.swift */,
				93C9CABA25368B8400E39F80 /* Assets.xcassets */,
				935C5BEA253E0DD000DACB9B /* Localizable.strings */,
				93FEC9D8253DF5FD00E8ACBD /* SampleData.swift */,
			);
			path = Support;
			sourceTree = "<group>";
		};
		93FEC9B7253DDD9900E8ACBD /* UI Shared */ = {
			isa = PBXGroup;
			children = (
				93FEC9B8253DDDB100E8ACBD /* ActivityIndicatorView.swift */,
				935C5BE3253E02DB00DACB9B /* RepoDetailHeaderView.swift */,
			);
			path = "UI Shared";
			sourceTree = "<group>";
		};
		93FEC9D1253DEF6700E8ACBD /* View Model */ = {
			isa = PBXGroup;
			children = (
				93FEC9AF253DD96900E8ACBD /* ReposViewModel.swift */,
			);
			path = "View Model";
			sourceTree = "<group>";
		};
		93FEC9E5253DF79700E8ACBD /* Extensions */ = {
			isa = PBXGroup;
			children = (
				93FEC9DD253DF78100E8ACBD /* StringExtensions.swift */,
			);
			path = Extensions;
			sourceTree = "<group>";
		};
		93FEC9E9253DF7B100E8ACBD /* Network */ = {
			isa = PBXGroup;
			children = (
				93FEC9A0253DD78C00E8ACBD /* AppNetwork.swift */,
			);
			path = Network;
			sourceTree = "<group>";
		};
/* End PBXGroup section */

/* Begin PBXNativeTarget section */
		93C9CAB225368B8300E39F80 /* IntuitCraftWorkz */ = {
			isa = PBXNativeTarget;
			buildConfigurationList = 93C9CAD825368B8500E39F80 /* Build configuration list for PBXNativeTarget "IntuitCraftWorkz" */;
			buildPhases = (
				93C9CAAF25368B8300E39F80 /* Sources */,
				93C9CAB025368B8300E39F80 /* Frameworks */,
				93C9CAB125368B8300E39F80 /* Resources */,
			);
			buildRules = (
			);
			dependencies = (
			);
			name = IntuitCraftWorkz;
			productName = IntuitCraftWorkz;
			productReference = 93C9CAB325368B8300E39F80 /* IntuitCraftWorkz.app */;
			productType = "com.apple.product-type.application";
		};
		93C9CAC325368B8500E39F80 /* IntuitCraftWorkzTests */ = {
			isa = PBXNativeTarget;
			buildConfigurationList = 93C9CADB25368B8500E39F80 /* Build configuration list for PBXNativeTarget "IntuitCraftWorkzTests" */;
			buildPhases = (
				93C9CAC025368B8500E39F80 /* Sources */,
				93C9CAC125368B8500E39F80 /* Frameworks */,
				93C9CAC225368B8500E39F80 /* Resources */,
			);
			buildRules = (
			);
			dependencies = (
				93C9CAC625368B8500E39F80 /* PBXTargetDependency */,
			);
			name = IntuitCraftWorkzTests;
			productName = IntuitCraftWorkzTests;
			productReference = 93C9CAC425368B8500E39F80 /* IntuitCraftWorkzTests.xctest */;
			productType = "com.apple.product-type.bundle.unit-test";
		};
		93C9CACE25368B8500E39F80 /* IntuitCraftWorkzUITests */ = {
			isa = PBXNativeTarget;
			buildConfigurationList = 93C9CADE25368B8500E39F80 /* Build configuration list for PBXNativeTarget "IntuitCraftWorkzUITests" */;
			buildPhases = (
				93C9CACB25368B8500E39F80 /* Sources */,
				93C9CACC25368B8500E39F80 /* Frameworks */,
				93C9CACD25368B8500E39F80 /* Resources */,
			);
			buildRules = (
			);
			dependencies = (
				93C9CAD125368B8500E39F80 /* PBXTargetDependency */,
			);
			name = IntuitCraftWorkzUITests;
			productName = IntuitCraftWorkzUITests;
			productReference = 93C9CACF25368B8500E39F80 /* IntuitCraftWorkzUITests.xctest */;
			productType = "com.apple.product-type.bundle.ui-testing";
		};
/* End PBXNativeTarget section */

/* Begin PBXProject section */
		93C9CAAB25368B8300E39F80 /* Project object */ = {
			isa = PBXProject;
			attributes = {
				LastSwiftUpdateCheck = 1220;
				LastUpgradeCheck = 1220;
				TargetAttributes = {
					93C9CAB225368B8300E39F80 = {
						CreatedOnToolsVersion = 12.2;
					};
					93C9CAC325368B8500E39F80 = {
						CreatedOnToolsVersion = 12.2;
						TestTargetID = 93C9CAB225368B8300E39F80;
					};
					93C9CACE25368B8500E39F80 = {
						CreatedOnToolsVersion = 12.2;
						TestTargetID = 93C9CAB225368B8300E39F80;
					};
				};
			};
			buildConfigurationList = 93C9CAAE25368B8300E39F80 /* Build configuration list for PBXProject "IntuitCraftWorkz" */;
			compatibilityVersion = "Xcode 9.3";
			developmentRegion = en;
			hasScannedForEncodings = 0;
			knownRegions = (
				en,
				Base,
			);
			mainGroup = 93C9CAAA25368B8300E39F80;
			productRefGroup = 93C9CAB425368B8300E39F80 /* Products */;
			projectDirPath = "";
			projectRoot = "";
			targets = (
				93C9CAB225368B8300E39F80 /* IntuitCraftWorkz */,
				93C9CAC325368B8500E39F80 /* IntuitCraftWorkzTests */,
				93C9CACE25368B8500E39F80 /* IntuitCraftWorkzUITests */,
			);
		};
/* End PBXProject section */

/* Begin PBXResourcesBuildPhase section */
		93C9CAB125368B8300E39F80 /* Resources */ = {
			isa = PBXResourcesBuildPhase;
			buildActionMask = 2147483647;
			files = (
				93C9CABE25368B8400E39F80 /* Preview Assets.xcassets in Resources */,
				935C5BE8253E0DD000DACB9B /* Localizable.strings in Resources */,
				93C9CABB25368B8400E39F80 /* Assets.xcassets in Resources */,
			);
			runOnlyForDeploymentPostprocessing = 0;
		};
		93C9CAC225368B8500E39F80 /* Resources */ = {
			isa = PBXResourcesBuildPhase;
			buildActionMask = 2147483647;
			files = (
			);
			runOnlyForDeploymentPostprocessing = 0;
		};
		93C9CACD25368B8500E39F80 /* Resources */ = {
			isa = PBXResourcesBuildPhase;
			buildActionMask = 2147483647;
			files = (
			);
			runOnlyForDeploymentPostprocessing = 0;
		};
/* End PBXResourcesBuildPhase section */

/* Begin PBXSourcesBuildPhase section */
		93C9CAAF25368B8300E39F80 /* Sources */ = {
			isa = PBXSourcesBuildPhase;
			buildActionMask = 2147483647;
			files = (
				93FEC9AB253DD7C000E8ACBD /* Model.swift in Sources */,
				93FEC9A6253DD7A800E8ACBD /* Datasource.swift in Sources */,
				93FEC9C1253DE21000E8ACBD /* RepoDetailView.swift in Sources */,
				93FEC994253DD75800E8ACBD /* AppLogger.swift in Sources */,
				93C9CAB925368B8300E39F80 /* RepoListView.swift in Sources */,
				93FEC9B0253DD96900E8ACBD /* ReposViewModel.swift in Sources */,
				935C5BE4253E02DB00DACB9B /* RepoDetailHeaderView.swift in Sources */,
				93FEC9A1253DD78C00E8ACBD /* AppNetwork.swift in Sources */,
				93FEC9DE253DF78100E8ACBD /* StringExtensions.swift in Sources */,
				93FEC9B9253DDDB100E8ACBD /* ActivityIndicatorView.swift in Sources */,
				935C5BDF253DFF9000DACB9B /* RepoIssuesView.swift in Sources */,
				93FEC9D9253DF5FD00E8ACBD /* SampleData.swift in Sources */,
				93C9CAB725368B8300E39F80 /* IntuitCraftWorkzApp.swift in Sources */,
				93FEC99C253DD76A00E8ACBD /* Constants.swift in Sources */,
			);
			runOnlyForDeploymentPostprocessing = 0;
		};
		93C9CAC025368B8500E39F80 /* Sources */ = {
			isa = PBXSourcesBuildPhase;
			buildActionMask = 2147483647;
			files = (
				93C9CAC925368B8500E39F80 /* IntuitCraftWorkzTests.swift in Sources */,
			);
			runOnlyForDeploymentPostprocessing = 0;
		};
		93C9CACB25368B8500E39F80 /* Sources */ = {
			isa = PBXSourcesBuildPhase;
			buildActionMask = 2147483647;
			files = (
				93C9CAD425368B8500E39F80 /* IntuitCraftWorkzUITests.swift in Sources */,
			);
			runOnlyForDeploymentPostprocessing = 0;
		};
/* End PBXSourcesBuildPhase section */

/* Begin PBXTargetDependency section */
		93C9CAC625368B8500E39F80 /* PBXTargetDependency */ = {
			isa = PBXTargetDependency;
			target = 93C9CAB225368B8300E39F80 /* IntuitCraftWorkz */;
			targetProxy = 93C9CAC525368B8500E39F80 /* PBXContainerItemProxy */;
		};
		93C9CAD125368B8500E39F80 /* PBXTargetDependency */ = {
			isa = PBXTargetDependency;
			target = 93C9CAB225368B8300E39F80 /* IntuitCraftWorkz */;
			targetProxy = 93C9CAD025368B8500E39F80 /* PBXContainerItemProxy */;
		};
/* End PBXTargetDependency section */

/* Begin PBXVariantGroup section */
		935C5BEA253E0DD000DACB9B /* Localizable.strings */ = {
			isa = PBXVariantGroup;
			children = (
				935C5BE9253E0DD000DACB9B /* en */,
			);
			name = Localizable.strings;
			sourceTree = "<group>";
		};
/* End PBXVariantGroup section */

/* Begin XCBuildConfiguration section */
		93C9CAD625368B8500E39F80 /* Debug */ = {
			isa = XCBuildConfiguration;
			buildSettings = {
				ALWAYS_SEARCH_USER_PATHS = NO;
				CLANG_ANALYZER_NONNULL = YES;
				CLANG_ANALYZER_NUMBER_OBJECT_CONVERSION = YES_AGGRESSIVE;
				CLANG_CXX_LANGUAGE_STANDARD = "gnu++14";
				CLANG_CXX_LIBRARY = "libc++";
				CLANG_ENABLE_MODULES = YES;
				CLANG_ENABLE_OBJC_ARC = YES;
				CLANG_ENABLE_OBJC_WEAK = YES;
				CLANG_WARN_BLOCK_CAPTURE_AUTORELEASING = YES;
				CLANG_WARN_BOOL_CONVERSION = YES;
				CLANG_WARN_COMMA = YES;
				CLANG_WARN_CONSTANT_CONVERSION = YES;
				CLANG_WARN_DEPRECATED_OBJC_IMPLEMENTATIONS = YES;
				CLANG_WARN_DIRECT_OBJC_ISA_USAGE = YES_ERROR;
				CLANG_WARN_DOCUMENTATION_COMMENTS = YES;
				CLANG_WARN_EMPTY_BODY = YES;
				CLANG_WARN_ENUM_CONVERSION = YES;
				CLANG_WARN_INFINITE_RECURSION = YES;
				CLANG_WARN_INT_CONVERSION = YES;
				CLANG_WARN_NON_LITERAL_NULL_CONVERSION = YES;
				CLANG_WARN_OBJC_IMPLICIT_RETAIN_SELF = YES;
				CLANG_WARN_OBJC_LITERAL_CONVERSION = YES;
				CLANG_WARN_OBJC_ROOT_CLASS = YES_ERROR;
				CLANG_WARN_QUOTED_INCLUDE_IN_FRAMEWORK_HEADER = YES;
				CLANG_WARN_RANGE_LOOP_ANALYSIS = YES;
				CLANG_WARN_STRICT_PROTOTYPES = YES;
				CLANG_WARN_SUSPICIOUS_MOVE = YES;
				CLANG_WARN_UNGUARDED_AVAILABILITY = YES_AGGRESSIVE;
				CLANG_WARN_UNREACHABLE_CODE = YES;
				CLANG_WARN__DUPLICATE_METHOD_MATCH = YES;
				COPY_PHASE_STRIP = NO;
				DEBUG_INFORMATION_FORMAT = dwarf;
				ENABLE_STRICT_OBJC_MSGSEND = YES;
				ENABLE_TESTABILITY = YES;
				GCC_C_LANGUAGE_STANDARD = gnu11;
				GCC_DYNAMIC_NO_PIC = NO;
				GCC_NO_COMMON_BLOCKS = YES;
				GCC_OPTIMIZATION_LEVEL = 0;
				GCC_PREPROCESSOR_DEFINITIONS = (
					"DEBUG=1",
					"$(inherited)",
				);
				GCC_WARN_64_TO_32_BIT_CONVERSION = YES;
				GCC_WARN_ABOUT_RETURN_TYPE = YES_ERROR;
				GCC_WARN_UNDECLARED_SELECTOR = YES;
				GCC_WARN_UNINITIALIZED_AUTOS = YES_AGGRESSIVE;
				GCC_WARN_UNUSED_FUNCTION = YES;
				GCC_WARN_UNUSED_VARIABLE = YES;
				IPHONEOS_DEPLOYMENT_TARGET = 14.2;
				MTL_ENABLE_DEBUG_INFO = INCLUDE_SOURCE;
				MTL_FAST_MATH = YES;
				ONLY_ACTIVE_ARCH = YES;
				SDKROOT = iphoneos;
				SWIFT_ACTIVE_COMPILATION_CONDITIONS = DEBUG;
				SWIFT_OPTIMIZATION_LEVEL = "-Onone";
			};
			name = Debug;
		};
		93C9CAD725368B8500E39F80 /* Release */ = {
			isa = XCBuildConfiguration;
			buildSettings = {
				ALWAYS_SEARCH_USER_PATHS = NO;
				CLANG_ANALYZER_NONNULL = YES;
				CLANG_ANALYZER_NUMBER_OBJECT_CONVERSION = YES_AGGRESSIVE;
				CLANG_CXX_LANGUAGE_STANDARD = "gnu++14";
				CLANG_CXX_LIBRARY = "libc++";
				CLANG_ENABLE_MODULES = YES;
				CLANG_ENABLE_OBJC_ARC = YES;
				CLANG_ENABLE_OBJC_WEAK = YES;
				CLANG_WARN_BLOCK_CAPTURE_AUTORELEASING = YES;
				CLANG_WARN_BOOL_CONVERSION = YES;
				CLANG_WARN_COMMA = YES;
				CLANG_WARN_CONSTANT_CONVERSION = YES;
				CLANG_WARN_DEPRECATED_OBJC_IMPLEMENTATIONS = YES;
				CLANG_WARN_DIRECT_OBJC_ISA_USAGE = YES_ERROR;
				CLANG_WARN_DOCUMENTATION_COMMENTS = YES;
				CLANG_WARN_EMPTY_BODY = YES;
				CLANG_WARN_ENUM_CONVERSION = YES;
				CLANG_WARN_INFINITE_RECURSION = YES;
				CLANG_WARN_INT_CONVERSION = YES;
				CLANG_WARN_NON_LITERAL_NULL_CONVERSION = YES;
				CLANG_WARN_OBJC_IMPLICIT_RETAIN_SELF = YES;
				CLANG_WARN_OBJC_LITERAL_CONVERSION = YES;
				CLANG_WARN_OBJC_ROOT_CLASS = YES_ERROR;
				CLANG_WARN_QUOTED_INCLUDE_IN_FRAMEWORK_HEADER = YES;
				CLANG_WARN_RANGE_LOOP_ANALYSIS = YES;
				CLANG_WARN_STRICT_PROTOTYPES = YES;
				CLANG_WARN_SUSPICIOUS_MOVE = YES;
				CLANG_WARN_UNGUARDED_AVAILABILITY = YES_AGGRESSIVE;
				CLANG_WARN_UNREACHABLE_CODE = YES;
				CLANG_WARN__DUPLICATE_METHOD_MATCH = YES;
				COPY_PHASE_STRIP = NO;
				DEBUG_INFORMATION_FORMAT = "dwarf-with-dsym";
				ENABLE_NS_ASSERTIONS = NO;
				ENABLE_STRICT_OBJC_MSGSEND = YES;
				GCC_C_LANGUAGE_STANDARD = gnu11;
				GCC_NO_COMMON_BLOCKS = YES;
				GCC_WARN_64_TO_32_BIT_CONVERSION = YES;
				GCC_WARN_ABOUT_RETURN_TYPE = YES_ERROR;
				GCC_WARN_UNDECLARED_SELECTOR = YES;
				GCC_WARN_UNINITIALIZED_AUTOS = YES_AGGRESSIVE;
				GCC_WARN_UNUSED_FUNCTION = YES;
				GCC_WARN_UNUSED_VARIABLE = YES;
				IPHONEOS_DEPLOYMENT_TARGET = 14.2;
				MTL_ENABLE_DEBUG_INFO = NO;
				MTL_FAST_MATH = YES;
				SDKROOT = iphoneos;
				SWIFT_COMPILATION_MODE = wholemodule;
				SWIFT_OPTIMIZATION_LEVEL = "-O";
				VALIDATE_PRODUCT = YES;
			};
			name = Release;
		};
		93C9CAD925368B8500E39F80 /* Debug */ = {
			isa = XCBuildConfiguration;
			buildSettings = {
				ASSETCATALOG_COMPILER_APPICON_NAME = AppIcon;
				ASSETCATALOG_COMPILER_GLOBAL_ACCENT_COLOR_NAME = AccentColor;
				CODE_SIGN_STYLE = Automatic;
				DEVELOPMENT_ASSET_PATHS = "\"IntuitCraftWorkz/Preview Content\"";
				DEVELOPMENT_TEAM = PG3WFJHK84;
				ENABLE_PREVIEWS = YES;
				INFOPLIST_FILE = IntuitCraftWorkz/Info.plist;
				IPHONEOS_DEPLOYMENT_TARGET = 14.0;
				LD_RUNPATH_SEARCH_PATHS = (
					"$(inherited)",
					"@executable_path/Frameworks",
				);
				PRODUCT_BUNDLE_IDENTIFIER = org.kungfoo.IntuitCraftWorkz;
				PRODUCT_NAME = "$(TARGET_NAME)";
				SWIFT_VERSION = 5.0;
				TARGETED_DEVICE_FAMILY = "1,2";
			};
			name = Debug;
		};
		93C9CADA25368B8500E39F80 /* Release */ = {
			isa = XCBuildConfiguration;
			buildSettings = {
				ASSETCATALOG_COMPILER_APPICON_NAME = AppIcon;
				ASSETCATALOG_COMPILER_GLOBAL_ACCENT_COLOR_NAME = AccentColor;
				CODE_SIGN_STYLE = Automatic;
				DEVELOPMENT_ASSET_PATHS = "\"IntuitCraftWorkz/Preview Content\"";
				DEVELOPMENT_TEAM = PG3WFJHK84;
				ENABLE_PREVIEWS = YES;
				INFOPLIST_FILE = IntuitCraftWorkz/Info.plist;
				IPHONEOS_DEPLOYMENT_TARGET = 14.0;
				LD_RUNPATH_SEARCH_PATHS = (
					"$(inherited)",
					"@executable_path/Frameworks",
				);
				PRODUCT_BUNDLE_IDENTIFIER = org.kungfoo.IntuitCraftWorkz;
				PRODUCT_NAME = "$(TARGET_NAME)";
				SWIFT_VERSION = 5.0;
				TARGETED_DEVICE_FAMILY = "1,2";
			};
			name = Release;
		};
		93C9CADC25368B8500E39F80 /* Debug */ = {
			isa = XCBuildConfiguration;
			buildSettings = {
				ALWAYS_EMBED_SWIFT_STANDARD_LIBRARIES = YES;
				BUNDLE_LOADER = "$(TEST_HOST)";
				CODE_SIGN_STYLE = Automatic;
				INFOPLIST_FILE = IntuitCraftWorkzTests/Info.plist;
				IPHONEOS_DEPLOYMENT_TARGET = 14.0;
				LD_RUNPATH_SEARCH_PATHS = (
					"$(inherited)",
					"@executable_path/Frameworks",
					"@loader_path/Frameworks",
				);
				PRODUCT_BUNDLE_IDENTIFIER = org.kungfoo.IntuitCraftWorkzTests;
				PRODUCT_NAME = "$(TARGET_NAME)";
				SWIFT_VERSION = 5.0;
				TARGETED_DEVICE_FAMILY = "1,2";
				TEST_HOST = "$(BUILT_PRODUCTS_DIR)/IntuitCraftWorkz.app/IntuitCraftWorkz";
			};
			name = Debug;
		};
		93C9CADD25368B8500E39F80 /* Release */ = {
			isa = XCBuildConfiguration;
			buildSettings = {
				ALWAYS_EMBED_SWIFT_STANDARD_LIBRARIES = YES;
				BUNDLE_LOADER = "$(TEST_HOST)";
				CODE_SIGN_STYLE = Automatic;
				INFOPLIST_FILE = IntuitCraftWorkzTests/Info.plist;
				IPHONEOS_DEPLOYMENT_TARGET = 14.0;
				LD_RUNPATH_SEARCH_PATHS = (
					"$(inherited)",
					"@executable_path/Frameworks",
					"@loader_path/Frameworks",
				);
				PRODUCT_BUNDLE_IDENTIFIER = org.kungfoo.IntuitCraftWorkzTests;
				PRODUCT_NAME = "$(TARGET_NAME)";
				SWIFT_VERSION = 5.0;
				TARGETED_DEVICE_FAMILY = "1,2";
				TEST_HOST = "$(BUILT_PRODUCTS_DIR)/IntuitCraftWorkz.app/IntuitCraftWorkz";
			};
			name = Release;
		};
		93C9CADF25368B8500E39F80 /* Debug */ = {
			isa = XCBuildConfiguration;
			buildSettings = {
				ALWAYS_EMBED_SWIFT_STANDARD_LIBRARIES = YES;
				CODE_SIGN_STYLE = Automatic;
				INFOPLIST_FILE = IntuitCraftWorkzUITests/Info.plist;
				LD_RUNPATH_SEARCH_PATHS = (
					"$(inherited)",
					"@executable_path/Frameworks",
					"@loader_path/Frameworks",
				);
				PRODUCT_BUNDLE_IDENTIFIER = org.kungfoo.IntuitCraftWorkzUITests;
				PRODUCT_NAME = "$(TARGET_NAME)";
				SWIFT_VERSION = 5.0;
				TARGETED_DEVICE_FAMILY = "1,2";
				TEST_TARGET_NAME = IntuitCraftWorkz;
			};
			name = Debug;
		};
		93C9CAE025368B8500E39F80 /* Release */ = {
			isa = XCBuildConfiguration;
			buildSettings = {
				ALWAYS_EMBED_SWIFT_STANDARD_LIBRARIES = YES;
				CODE_SIGN_STYLE = Automatic;
				INFOPLIST_FILE = IntuitCraftWorkzUITests/Info.plist;
				LD_RUNPATH_SEARCH_PATHS = (
					"$(inherited)",
					"@executable_path/Frameworks",
					"@loader_path/Frameworks",
				);
				PRODUCT_BUNDLE_IDENTIFIER = org.kungfoo.IntuitCraftWorkzUITests;
				PRODUCT_NAME = "$(TARGET_NAME)";
				SWIFT_VERSION = 5.0;
				TARGETED_DEVICE_FAMILY = "1,2";
				TEST_TARGET_NAME = IntuitCraftWorkz;
			};
			name = Release;
		};
/* End XCBuildConfiguration section */

/* Begin XCConfigurationList section */
		93C9CAAE25368B8300E39F80 /* Build configuration list for PBXProject "IntuitCraftWorkz" */ = {
			isa = XCConfigurationList;
			buildConfigurations = (
				93C9CAD625368B8500E39F80 /* Debug */,
				93C9CAD725368B8500E39F80 /* Release */,
			);
			defaultConfigurationIsVisible = 0;
			defaultConfigurationName = Release;
		};
		93C9CAD825368B8500E39F80 /* Build configuration list for PBXNativeTarget "IntuitCraftWorkz" */ = {
			isa = XCConfigurationList;
			buildConfigurations = (
				93C9CAD925368B8500E39F80 /* Debug */,
				93C9CADA25368B8500E39F80 /* Release */,
			);
			defaultConfigurationIsVisible = 0;
			defaultConfigurationName = Release;
		};
		93C9CADB25368B8500E39F80 /* Build configuration list for PBXNativeTarget "IntuitCraftWorkzTests" */ = {
			isa = XCConfigurationList;
			buildConfigurations = (
				93C9CADC25368B8500E39F80 /* Debug */,
				93C9CADD25368B8500E39F80 /* Release */,
			);
			defaultConfigurationIsVisible = 0;
			defaultConfigurationName = Release;
		};
		93C9CADE25368B8500E39F80 /* Build configuration list for PBXNativeTarget "IntuitCraftWorkzUITests" */ = {
			isa = XCConfigurationList;
			buildConfigurations = (
				93C9CADF25368B8500E39F80 /* Debug */,
				93C9CAE025368B8500E39F80 /* Release */,
			);
			defaultConfigurationIsVisible = 0;
			defaultConfigurationName = Release;
		};
/* End XCConfigurationList section */
	};
	rootObject = 93C9CAAB25368B8300E39F80 /* Project object */;
}
